
Microsoft Visual Studio Solution File, Format Version 12.00
# Visual Studio Version 17
VisualStudioVersion = 17.11.35222.181
MinimumVisualStudioVersion = 10.0.40219.1
Project("{2150E333-8FDC-42A3-9474-1A3956D46DE8}") = "Task0", "Task0", "{FCD94C44-F6D9-4CE9-9B3A-1656EC9BCAA8}"
EndProject
Project("{9A19103F-16F7-4668-BE54-9A1E7A4F7556}") = "Tyuiu.KrasyukME.Sprint0.Task0.V0", "Tyuiu.KrasyukME.Sprint0.Task0.V0\Tyuiu.KrasyukME.Sprint0.Task0.V0.csproj", "{59EDEBB3-2D29-42BF-8869-CFA42F4F4D1B}"
EndProject
Project("{2150E333-8FDC-42A3-9474-1A3956D46DE8}") = "Task1", "Task1", "{8EFA2711-5E22-45FF-9E70-30853470B369}"
EndProject
Project("{9A19103F-16F7-4668-BE54-9A1E7A4F7556}") = "Tyuiu.KrasyukME.Sprint0.Task1.V0", "Tyuiu.KrasyukME.Sprint0.Task1.V0\Tyuiu.KrasyukME.Sprint0.Task1.V0.csproj", "{EEC76C0B-C548-440B-B92F-13DFFAB3EABC}"
EndProject
Project("{2150E333-8FDC-42A3-9474-1A3956D46DE8}") = "Task2", "Task2", "{C848558D-CEED-4AE3-828D-B8A999897AAA}"
EndProject
Project("{9A19103F-16F7-4668-BE54-9A1E7A4F7556}") = "Tyuiu.KrasyukME.Sprint0.Task2.V0", "Tyuiu.KrasyukME.Sprint0.Task2.V0\Tyuiu.KrasyukME.Sprint0.Task2.V0.csproj", "{729797B5-BEF9-4C09-B93B-A2C6C8E4DDCC}"
EndProject
Project("{9A19103F-16F7-4668-BE54-9A1E7A4F7556}") = "Tyuiu.KrasyukME.Sprint0.Task2.V0.Lib", "Tyuiu.KrasyukME.Sprint0.Task2.V0.Lib\Tyuiu.KrasyukME.Sprint0.Task2.V0.Lib.csproj", "{65F0F1FC-B1D9-4228-96EC-D3B1A7BE89F7}"
EndProject
Project("{9A19103F-16F7-4668-BE54-9A1E7A4F7556}") = "Tyuiu.KrasyukME.Sprint0.Task2.V0.Test", "Tyuiu.KrasyukME.Sprint0.task2.V0.Test\Tyuiu.KrasyukME.Sprint0.Task2.V0.Test.csproj", "{CE2405E5-2E8E-4D63-98F3-7A90B297BD06}"
EndProject
Project("{2150E333-8FDC-42A3-9474-1A3956D46DE8}") = "Task3", "Task3", "{12058ED7-E205-4271-9A3F-9E9A8D59B0FC}"
EndProject
Project("{FAE04EC0-301F-11D3-BF4B-00C04F79EFBC}") = "Tyuiu.KrasyukME.Sprint0.Task3.V0", "Tyuiu.KrasyukME.Sprint0.Task3.V0\Tyuiu.KrasyukME.Sprint0.Task3.V0.csproj", "{BC494A77-7F3B-4DBB-9B49-2A77BAE1A907}"
EndProject
Project("{FAE04EC0-301F-11D3-BF4B-00C04F79EFBC}") = "Tyuiu.KrasyukME.Sprint0.Task3.V0.Lib", "Tyuiu.KrasyukME.Sprint0.Task3.V0.Lib\Tyuiu.KrasyukME.Sprint0.Task3.V0.Lib.csproj", "{0A64CDDF-2208-4460-9AFE-203186EC777B}"
EndProject
Project("{FAE04EC0-301F-11D3-BF4B-00C04F79EFBC}") = "Tyuiu.KrasyukME.Sprint0.Task3.V0.Test", "Tyuiu.KrasyukME.Sprint0.Task3.V0.Test\Tyuiu.KrasyukME.Sprint0.Task3.V0.Test.csproj", "{683BDAAA-8CF0-4821-97F7-0E96B0823F14}"
EndProject
Project("{2150E333-8FDC-42A3-9474-1A3956D46DE8}") = "Task4", "Task4", "{866C105B-95DA-43A4-967A-225EA8DB3F7C}"
EndProject
Project("{FAE04EC0-301F-11D3-BF4B-00C04F79EFBC}") = "Tyuiu.KrasyukME.Sprint0.Task4.V0", "Tyuiu.KrasyukME.Sprint0.Task4.V0\Tyuiu.KrasyukME.Sprint0.Task4.V0.csproj", "{2C4425C9-0263-4A6F-A893-D42B2E60D273}"
EndProject
Project("{FAE04EC0-301F-11D3-BF4B-00C04F79EFBC}") = "Tyuiu.KrasyukME.Sprint0.Task4.V0.Lib", "Tyuiu.KrasyukME.Sprint0.Task4.V0.Lib\Tyuiu.KrasyukME.Sprint0.Task4.V0.Lib.csproj", "{B6DC37CB-2EC2-410C-B46F-50A55A1D56C9}"
EndProject
Project("{FAE04EC0-301F-11D3-BF4B-00C04F79EFBC}") = "Tyuiu.KrasyukME.Sprint0.Task4.V0.Test", "Tyuiu.KrasyukME.Sprint0.Task4.V0.Test\Tyuiu.KrasyukME.Sprint0.Task4.V0.Test.csproj", "{46A4FCE3-5100-49FD-BFE5-53E3069A7216}"
EndProject
Project("{2150E333-8FDC-42A3-9474-1A3956D46DE8}") = "Task5", "Task5", "{687027EB-3FB6-4388-946B-F7D8E02A43AB}"
EndProject
Project("{FAE04EC0-301F-11D3-BF4B-00C04F79EFBC}") = "Tyuiu.KrasyukME.Sprint0.Task5.V0", "Tyuiu.KrasyukME.Sprint0.Task5.V0\Tyuiu.KrasyukME.Sprint0.Task5.V0.csproj", "{F9AC3987-C79E-4E76-94E3-182DF61CE207}"
EndProject
Project("{FAE04EC0-301F-11D3-BF4B-00C04F79EFBC}") = "Tyuiu.KrasyukME.Sprint0.Task5.V0.Lib", "Tyuiu.KrasyukME.Sprint0.Task5.V0.Lib\Tyuiu.KrasyukME.Sprint0.Task5.V0.Lib.csproj", "{F637E37D-EB7B-40B6-BA3D-938058C78378}"
EndProject
Project("{FAE04EC0-301F-11D3-BF4B-00C04F79EFBC}") = "Tyuiu.KrasyukME.Sprint0.Task5.V0.Test", "Tyuiu.KrasyukME.Sprint0.Task5.V0.Test\Tyuiu.KrasyukME.Sprint0.Task5.V0.Test.csproj", "{060EEC27-7D9C-40D7-9DFF-F7D30F316E53}"
EndProject
Project("{2150E333-8FDC-42A3-9474-1A3956D46DE8}") = "Task6", "Task6", "{D732EF2F-1232-44D9-93CF-7B4AED562E59}"
EndProject
Project("{FAE04EC0-301F-11D3-BF4B-00C04F79EFBC}") = "Tyuiu.KrasyukME.Sprint0.Task6.V0", "Tyuiu.KrasyukME.Sprint0.Task6.V0\Tyuiu.KrasyukME.Sprint0.Task6.V0.csproj", "{CF20D15B-A5C9-4832-AB6F-3BE7EB205F19}"
EndProject
Project("{FAE04EC0-301F-11D3-BF4B-00C04F79EFBC}") = "Tyuiu.KrasyukME.Sprint0.Task6.V0.Lib", "Tyuiu.KrasyukME.Sprint0.Task6.V0.Lib\Tyuiu.KrasyukME.Sprint0.Task6.V0.Lib.csproj", "{3994F095-36AB-4A77-9268-6914511390C4}"
EndProject
Project("{FAE04EC0-301F-11D3-BF4B-00C04F79EFBC}") = "Tyuiu.KrasyukME.Sprint0.Task6.V0.Test", "Tyuiu.KrasyukME.Sprint0.Task6.V0.Test\Tyuiu.KrasyukME.Sprint0.Task6.V0.Test.csproj", "{E6268D12-B129-477C-BF70-2490AE9A65FD}"
EndProject
Global
	GlobalSection(SolutionConfigurationPlatforms) = preSolution
		Debug|Any CPU = Debug|Any CPU
		Release|Any CPU = Release|Any CPU
	EndGlobalSection
	GlobalSection(ProjectConfigurationPlatforms) = postSolution
		{59EDEBB3-2D29-42BF-8869-CFA42F4F4D1B}.Debug|Any CPU.ActiveCfg = Debug|Any CPU
		{59EDEBB3-2D29-42BF-8869-CFA42F4F4D1B}.Debug|Any CPU.Build.0 = Debug|Any CPU
		{59EDEBB3-2D29-42BF-8869-CFA42F4F4D1B}.Release|Any CPU.ActiveCfg = Release|Any CPU
		{59EDEBB3-2D29-42BF-8869-CFA42F4F4D1B}.Release|Any CPU.Build.0 = Release|Any CPU
		{EEC76C0B-C548-440B-B92F-13DFFAB3EABC}.Debug|Any CPU.ActiveCfg = Debug|Any CPU
		{EEC76C0B-C548-440B-B92F-13DFFAB3EABC}.Debug|Any CPU.Build.0 = Debug|Any CPU
		{EEC76C0B-C548-440B-B92F-13DFFAB3EABC}.Release|Any CPU.ActiveCfg = Release|Any CPU
		{EEC76C0B-C548-440B-B92F-13DFFAB3EABC}.Release|Any CPU.Build.0 = Release|Any CPU
		{729797B5-BEF9-4C09-B93B-A2C6C8E4DDCC}.Debug|Any CPU.ActiveCfg = Debug|Any CPU
		{729797B5-BEF9-4C09-B93B-A2C6C8E4DDCC}.Debug|Any CPU.Build.0 = Debug|Any CPU
		{729797B5-BEF9-4C09-B93B-A2C6C8E4DDCC}.Release|Any CPU.ActiveCfg = Release|Any CPU
		{729797B5-BEF9-4C09-B93B-A2C6C8E4DDCC}.Release|Any CPU.Build.0 = Release|Any CPU
		{65F0F1FC-B1D9-4228-96EC-D3B1A7BE89F7}.Debug|Any CPU.ActiveCfg = Debug|Any CPU
		{65F0F1FC-B1D9-4228-96EC-D3B1A7BE89F7}.Debug|Any CPU.Build.0 = Debug|Any CPU
		{65F0F1FC-B1D9-4228-96EC-D3B1A7BE89F7}.Release|Any CPU.ActiveCfg = Release|Any CPU
		{65F0F1FC-B1D9-4228-96EC-D3B1A7BE89F7}.Release|Any CPU.Build.0 = Release|Any CPU
		{CE2405E5-2E8E-4D63-98F3-7A90B297BD06}.Debug|Any CPU.ActiveCfg = Debug|Any CPU
		{CE2405E5-2E8E-4D63-98F3-7A90B297BD06}.Debug|Any CPU.Build.0 = Debug|Any CPU
		{CE2405E5-2E8E-4D63-98F3-7A90B297BD06}.Release|Any CPU.ActiveCfg = Release|Any CPU
		{CE2405E5-2E8E-4D63-98F3-7A90B297BD06}.Release|Any CPU.Build.0 = Release|Any CPU
		{BC494A77-7F3B-4DBB-9B49-2A77BAE1A907}.Debug|Any CPU.ActiveCfg = Debug|Any CPU
		{BC494A77-7F3B-4DBB-9B49-2A77BAE1A907}.Debug|Any CPU.Build.0 = Debug|Any CPU
		{BC494A77-7F3B-4DBB-9B49-2A77BAE1A907}.Release|Any CPU.ActiveCfg = Release|Any CPU
		{BC494A77-7F3B-4DBB-9B49-2A77BAE1A907}.Release|Any CPU.Build.0 = Release|Any CPU
		{0A64CDDF-2208-4460-9AFE-203186EC777B}.Debug|Any CPU.ActiveCfg = Debug|Any CPU
		{0A64CDDF-2208-4460-9AFE-203186EC777B}.Debug|Any CPU.Build.0 = Debug|Any CPU
		{0A64CDDF-2208-4460-9AFE-203186EC777B}.Release|Any CPU.ActiveCfg = Release|Any CPU
		{0A64CDDF-2208-4460-9AFE-203186EC777B}.Release|Any CPU.Build.0 = Release|Any CPU
		{683BDAAA-8CF0-4821-97F7-0E96B0823F14}.Debug|Any CPU.ActiveCfg = Debug|Any CPU
		{683BDAAA-8CF0-4821-97F7-0E96B0823F14}.Debug|Any CPU.Build.0 = Debug|Any CPU
		{683BDAAA-8CF0-4821-97F7-0E96B0823F14}.Release|Any CPU.ActiveCfg = Release|Any CPU
		{683BDAAA-8CF0-4821-97F7-0E96B0823F14}.Release|Any CPU.Build.0 = Release|Any CPU
		{2C4425C9-0263-4A6F-A893-D42B2E60D273}.Debug|Any CPU.ActiveCfg = Debug|Any CPU
		{2C4425C9-0263-4A6F-A893-D42B2E60D273}.Debug|Any CPU.Build.0 = Debug|Any CPU
		{2C4425C9-0263-4A6F-A893-D42B2E60D273}.Release|Any CPU.ActiveCfg = Release|Any CPU
		{2C4425C9-0263-4A6F-A893-D42B2E60D273}.Release|Any CPU.Build.0 = Release|Any CPU
		{B6DC37CB-2EC2-410C-B46F-50A55A1D56C9}.Debug|Any CPU.ActiveCfg = Debug|Any CPU
		{B6DC37CB-2EC2-410C-B46F-50A55A1D56C9}.Debug|Any CPU.Build.0 = Debug|Any CPU
		{B6DC37CB-2EC2-410C-B46F-50A55A1D56C9}.Release|Any CPU.ActiveCfg = Release|Any CPU
		{B6DC37CB-2EC2-410C-B46F-50A55A1D56C9}.Release|Any CPU.Build.0 = Release|Any CPU
		{46A4FCE3-5100-49FD-BFE5-53E3069A7216}.Debug|Any CPU.ActiveCfg = Debug|Any CPU
		{46A4FCE3-5100-49FD-BFE5-53E3069A7216}.Debug|Any CPU.Build.0 = Debug|Any CPU
		{46A4FCE3-5100-49FD-BFE5-53E3069A7216}.Release|Any CPU.ActiveCfg = Release|Any CPU
		{46A4FCE3-5100-49FD-BFE5-53E3069A7216}.Release|Any CPU.Build.0 = Release|Any CPU
		{F9AC3987-C79E-4E76-94E3-182DF61CE207}.Debug|Any CPU.ActiveCfg = Debug|Any CPU
		{F9AC3987-C79E-4E76-94E3-182DF61CE207}.Debug|Any CPU.Build.0 = Debug|Any CPU
		{F9AC3987-C79E-4E76-94E3-182DF61CE207}.Release|Any CPU.ActiveCfg = Release|Any CPU
		{F9AC3987-C79E-4E76-94E3-182DF61CE207}.Release|Any CPU.Build.0 = Release|Any CPU
		{F637E37D-EB7B-40B6-BA3D-938058C78378}.Debug|Any CPU.ActiveCfg = Debug|Any CPU
		{F637E37D-EB7B-40B6-BA3D-938058C78378}.Debug|Any CPU.Build.0 = Debug|Any CPU
		{F637E37D-EB7B-40B6-BA3D-938058C78378}.Release|Any CPU.ActiveCfg = Release|Any CPU
		{F637E37D-EB7B-40B6-BA3D-938058C78378}.Release|Any CPU.Build.0 = Release|Any CPU
		{060EEC27-7D9C-40D7-9DFF-F7D30F316E53}.Debug|Any CPU.ActiveCfg = Debug|Any CPU
		{060EEC27-7D9C-40D7-9DFF-F7D30F316E53}.Debug|Any CPU.Build.0 = Debug|Any CPU
		{060EEC27-7D9C-40D7-9DFF-F7D30F316E53}.Release|Any CPU.ActiveCfg = Release|Any CPU
		{060EEC27-7D9C-40D7-9DFF-F7D30F316E53}.Release|Any CPU.Build.0 = Release|Any CPU
		{CF20D15B-A5C9-4832-AB6F-3BE7EB205F19}.Debug|Any CPU.ActiveCfg = Debug|Any CPU
		{CF20D15B-A5C9-4832-AB6F-3BE7EB205F19}.Debug|Any CPU.Build.0 = Debug|Any CPU
		{CF20D15B-A5C9-4832-AB6F-3BE7EB205F19}.Release|Any CPU.ActiveCfg = Release|Any CPU
		{CF20D15B-A5C9-4832-AB6F-3BE7EB205F19}.Release|Any CPU.Build.0 = Release|Any CPU
		{3994F095-36AB-4A77-9268-6914511390C4}.Debug|Any CPU.ActiveCfg = Debug|Any CPU
		{3994F095-36AB-4A77-9268-6914511390C4}.Debug|Any CPU.Build.0 = Debug|Any CPU
		{3994F095-36AB-4A77-9268-6914511390C4}.Release|Any CPU.ActiveCfg = Release|Any CPU
		{3994F095-36AB-4A77-9268-6914511390C4}.Release|Any CPU.Build.0 = Release|Any CPU
		{E6268D12-B129-477C-BF70-2490AE9A65FD}.Debug|Any CPU.ActiveCfg = Debug|Any CPU
		{E6268D12-B129-477C-BF70-2490AE9A65FD}.Debug|Any CPU.Build.0 = Debug|Any CPU
		{E6268D12-B129-477C-BF70-2490AE9A65FD}.Release|Any CPU.ActiveCfg = Release|Any CPU
		{E6268D12-B129-477C-BF70-2490AE9A65FD}.Release|Any CPU.Build.0 = Release|Any CPU
	EndGlobalSection
	GlobalSection(SolutionProperties) = preSolution
		HideSolutionNode = FALSE
	EndGlobalSection
	GlobalSection(NestedProjects) = preSolution
		{59EDEBB3-2D29-42BF-8869-CFA42F4F4D1B} = {FCD94C44-F6D9-4CE9-9B3A-1656EC9BCAA8}
		{EEC76C0B-C548-440B-B92F-13DFFAB3EABC} = {8EFA2711-5E22-45FF-9E70-30853470B369}
		{729797B5-BEF9-4C09-B93B-A2C6C8E4DDCC} = {C848558D-CEED-4AE3-828D-B8A999897AAA}
		{65F0F1FC-B1D9-4228-96EC-D3B1A7BE89F7} = {C848558D-CEED-4AE3-828D-B8A999897AAA}
		{CE2405E5-2E8E-4D63-98F3-7A90B297BD06} = {C848558D-CEED-4AE3-828D-B8A999897AAA}
		{BC494A77-7F3B-4DBB-9B49-2A77BAE1A907} = {12058ED7-E205-4271-9A3F-9E9A8D59B0FC}
		{0A64CDDF-2208-4460-9AFE-203186EC777B} = {12058ED7-E205-4271-9A3F-9E9A8D59B0FC}
		{683BDAAA-8CF0-4821-97F7-0E96B0823F14} = {12058ED7-E205-4271-9A3F-9E9A8D59B0FC}
		{2C4425C9-0263-4A6F-A893-D42B2E60D273} = {866C105B-95DA-43A4-967A-225EA8DB3F7C}
		{B6DC37CB-2EC2-410C-B46F-50A55A1D56C9} = {866C105B-95DA-43A4-967A-225EA8DB3F7C}
		{46A4FCE3-5100-49FD-BFE5-53E3069A7216} = {866C105B-95DA-43A4-967A-225EA8DB3F7C}
		{F9AC3987-C79E-4E76-94E3-182DF61CE207} = {687027EB-3FB6-4388-946B-F7D8E02A43AB}
		{F637E37D-EB7B-40B6-BA3D-938058C78378} = {687027EB-3FB6-4388-946B-F7D8E02A43AB}
		{060EEC27-7D9C-40D7-9DFF-F7D30F316E53} = {687027EB-3FB6-4388-946B-F7D8E02A43AB}
		{CF20D15B-A5C9-4832-AB6F-3BE7EB205F19} = {D732EF2F-1232-44D9-93CF-7B4AED562E59}
		{3994F095-36AB-4A77-9268-6914511390C4} = {D732EF2F-1232-44D9-93CF-7B4AED562E59}
		{E6268D12-B129-477C-BF70-2490AE9A65FD} = {D732EF2F-1232-44D9-93CF-7B4AED562E59}
	EndGlobalSection
	GlobalSection(ExtensibilityGlobals) = postSolution
		SolutionGuid = {67EA82F6-4D38-4C68-A089-808F62C825DA}
	EndGlobalSection
EndGlobal
